
Microsoft Visual Studio Solution File, Format Version 12.00
# Visual Studio Version 16
VisualStudioVersion = 16.0.30128.74
MinimumVisualStudioVersion = 10.0.40219.1
Project("{FAE04EC0-301F-11D3-BF4B-00C04F79EFBC}") = "Inlämning 3 Windows Forms", "Inlämning 3 Windows Forms\Inlämning 3 Windows Forms.csproj", "{4099EBE4-D055-41FE-A675-3FAB16791836}"
EndProject
Global
	GlobalSection(SolutionConfigurationPlatforms) = preSolution
		Debug|Any CPU = Debug|Any CPU
		Release|Any CPU = Release|Any CPU
	EndGlobalSection
	GlobalSection(ProjectConfigurationPlatforms) = postSolution
		{4099EBE4-D055-41FE-A675-3FAB16791836}.Debug|Any CPU.ActiveCfg = Debug|Any CPU
		{4099EBE4-D055-41FE-A675-3FAB16791836}.Debug|Any CPU.Build.0 = Debug|Any CPU
		{4099EBE4-D055-41FE-A675-3FAB16791836}.Release|Any CPU.ActiveCfg = Release|Any CPU
		{4099EBE4-D055-41FE-A675-3FAB16791836}.Release|Any CPU.Build.0 = Release|Any CPU
	EndGlobalSection
	GlobalSection(SolutionProperties) = preSolution
		HideSolutionNode = FALSE
	EndGlobalSection
	GlobalSection(ExtensibilityGlobals) = postSolution
		SolutionGuid = {C9B32954-CF2C-4C2F-B1D9-35D42B51A00C}
	EndGlobalSection
EndGlobal
